// !$*UTF8*$!
{
	archiveVersion = 1;
	classes = {
	};
	objectVersion = 56;
	objects = {

/* Begin PBXBuildFile section */
		7D104E1929E7308400E16814 /* CGSize+Extensions.swift in Sources */ = {isa = PBXBuildFile; fileRef = 7D104E1829E7308400E16814 /* CGSize+Extensions.swift */; };
		7D104E1B29E730B600E16814 /* CGFloat+Extensions.swift in Sources */ = {isa = PBXBuildFile; fileRef = 7D104E1A29E730B600E16814 /* CGFloat+Extensions.swift */; };
		7D104E1D29E7344F00E16814 /* CGPoint+Extensions.swift in Sources */ = {isa = PBXBuildFile; fileRef = 7D104E1C29E7344F00E16814 /* CGPoint+Extensions.swift */; };
		7D104E1F29E8511B00E16814 /* DefaultFilterStrategy.swift in Sources */ = {isa = PBXBuildFile; fileRef = 7D104E1E29E8511B00E16814 /* DefaultFilterStrategy.swift */; };
		7D104E2129E8562900E16814 /* CutStrategySlowAppearing.swift in Sources */ = {isa = PBXBuildFile; fileRef = 7D104E2029E8562900E16814 /* CutStrategySlowAppearing.swift */; };
		7D104E2329E857A500E16814 /* CutStrategyStrokeAppearing.swift in Sources */ = {isa = PBXBuildFile; fileRef = 7D104E2229E857A500E16814 /* CutStrategyStrokeAppearing.swift */; };
		7D104E2529E8584700E16814 /* CutStrategyInvertRotateScale.swift in Sources */ = {isa = PBXBuildFile; fileRef = 7D104E2429E8584700E16814 /* CutStrategyInvertRotateScale.swift */; };
		7D104E2729E85B4100E16814 /* CutStrategyForegroundScaling.swift in Sources */ = {isa = PBXBuildFile; fileRef = 7D104E2629E85B4100E16814 /* CutStrategyForegroundScaling.swift */; };
		7D104E2929E872AE00E16814 /* CutStrategyCopySpam.swift in Sources */ = {isa = PBXBuildFile; fileRef = 7D104E2829E872AE00E16814 /* CutStrategyCopySpam.swift */; };
		7D104E2B29E8745C00E16814 /* CutStrategyInvertedBackgroundScaling.swift in Sources */ = {isa = PBXBuildFile; fileRef = 7D104E2A29E8745C00E16814 /* CutStrategyInvertedBackgroundScaling.swift */; };
		7D104E2D29E8B62500E16814 /* CIImage+Extensions.swift in Sources */ = {isa = PBXBuildFile; fileRef = 7D104E2C29E8B62500E16814 /* CIImage+Extensions.swift */; };
		7D104E3129E8B72500E16814 /* CutCutFilter.swift in Sources */ = {isa = PBXBuildFile; fileRef = 7D104E3029E8B72500E16814 /* CutCutFilter.swift */; };
		7D104E3529E8B7A000E16814 /* PictureFilterable.swift in Sources */ = {isa = PBXBuildFile; fileRef = 7D104E3429E8B7A000E16814 /* PictureFilterable.swift */; };
		7D104E3929E8B83100E16814 /* DefaultFilter.swift in Sources */ = {isa = PBXBuildFile; fileRef = 7D104E3829E8B83100E16814 /* DefaultFilter.swift */; };
		7D1736E429D87DFC006E7E6A /* AppDelegate.swift in Sources */ = {isa = PBXBuildFile; fileRef = 7D1736E329D87DFC006E7E6A /* AppDelegate.swift */; };
		7D1736E629D87DFC006E7E6A /* SceneDelegate.swift in Sources */ = {isa = PBXBuildFile; fileRef = 7D1736E529D87DFC006E7E6A /* SceneDelegate.swift */; };
		7D1736ED29D87DFD006E7E6A /* Assets.xcassets in Resources */ = {isa = PBXBuildFile; fileRef = 7D1736EC29D87DFD006E7E6A /* Assets.xcassets */; };
		7D1736F029D87DFD006E7E6A /* LaunchScreen.storyboard in Resources */ = {isa = PBXBuildFile; fileRef = 7D1736EE29D87DFD006E7E6A /* LaunchScreen.storyboard */; };
		7D1736FB29D87DFD006E7E6A /* ModernVideoTemplateTests.swift in Sources */ = {isa = PBXBuildFile; fileRef = 7D1736FA29D87DFD006E7E6A /* ModernVideoTemplateTests.swift */; };
		7D17370529D87DFD006E7E6A /* ModernVideoTemplateUITests.swift in Sources */ = {isa = PBXBuildFile; fileRef = 7D17370429D87DFD006E7E6A /* ModernVideoTemplateUITests.swift */; };
		7D17370729D87DFD006E7E6A /* ModernVideoTemplateUITestsLaunchTests.swift in Sources */ = {isa = PBXBuildFile; fileRef = 7D17370629D87DFD006E7E6A /* ModernVideoTemplateUITestsLaunchTests.swift */; };
		7D17371F29D888A8006E7E6A /* SegmentationResultMLMultiArray.swift in Sources */ = {isa = PBXBuildFile; fileRef = 7D17371E29D888A8006E7E6A /* SegmentationResultMLMultiArray.swift */; };
		7D17372029D888A8006E7E6A /* SegmentationResultMLMultiArray.swift in Sources */ = {isa = PBXBuildFile; fileRef = 7D17371E29D888A8006E7E6A /* SegmentationResultMLMultiArray.swift */; };
		7D17372129D888A8006E7E6A /* SegmentationResultMLMultiArray.swift in Sources */ = {isa = PBXBuildFile; fileRef = 7D17371E29D888A8006E7E6A /* SegmentationResultMLMultiArray.swift */; };
		7D17372329D88ED0006E7E6A /* segmentation_8bit.mlpackage in Sources */ = {isa = PBXBuildFile; fileRef = 7D17372229D88ED0006E7E6A /* segmentation_8bit.mlpackage */; };
		7D17372429D88ED0006E7E6A /* segmentation_8bit.mlpackage in Sources */ = {isa = PBXBuildFile; fileRef = 7D17372229D88ED0006E7E6A /* segmentation_8bit.mlpackage */; };
		7D17372529D88ED0006E7E6A /* segmentation_8bit.mlpackage in Sources */ = {isa = PBXBuildFile; fileRef = 7D17372229D88ED0006E7E6A /* segmentation_8bit.mlpackage */; };
		7D17373029D9C709006E7E6A /* CoreML+Helpers.swift in Sources */ = {isa = PBXBuildFile; fileRef = 7D17372F29D9C709006E7E6A /* CoreML+Helpers.swift */; };
		7D17373129D9C709006E7E6A /* CoreML+Helpers.swift in Sources */ = {isa = PBXBuildFile; fileRef = 7D17372F29D9C709006E7E6A /* CoreML+Helpers.swift */; };
		7D17373229D9C709006E7E6A /* CoreML+Helpers.swift in Sources */ = {isa = PBXBuildFile; fileRef = 7D17372F29D9C709006E7E6A /* CoreML+Helpers.swift */; };
		7D17373429D9C7A1006E7E6A /* UIImage+Extensions.swift in Sources */ = {isa = PBXBuildFile; fileRef = 7D17373329D9C7A1006E7E6A /* UIImage+Extensions.swift */; };
		7D17373529D9C7A1006E7E6A /* UIImage+Extensions.swift in Sources */ = {isa = PBXBuildFile; fileRef = 7D17373329D9C7A1006E7E6A /* UIImage+Extensions.swift */; };
		7D17373629D9C7A1006E7E6A /* UIImage+Extensions.swift in Sources */ = {isa = PBXBuildFile; fileRef = 7D17373329D9C7A1006E7E6A /* UIImage+Extensions.swift */; };
		7D17373829D9C7EC006E7E6A /* CGImage+Extensions.swift in Sources */ = {isa = PBXBuildFile; fileRef = 7D17373729D9C7EC006E7E6A /* CGImage+Extensions.swift */; };
		7D17373929D9C7EC006E7E6A /* CGImage+Extensions.swift in Sources */ = {isa = PBXBuildFile; fileRef = 7D17373729D9C7EC006E7E6A /* CGImage+Extensions.swift */; };
		7D17373A29D9C7EC006E7E6A /* CGImage+Extensions.swift in Sources */ = {isa = PBXBuildFile; fileRef = 7D17373729D9C7EC006E7E6A /* CGImage+Extensions.swift */; };
		7D17373C29D9C97A006E7E6A /* Math.swift in Sources */ = {isa = PBXBuildFile; fileRef = 7D17373B29D9C97A006E7E6A /* Math.swift */; };
		7D17373D29D9C97A006E7E6A /* Math.swift in Sources */ = {isa = PBXBuildFile; fileRef = 7D17373B29D9C97A006E7E6A /* Math.swift */; };
		7D17373E29D9C97A006E7E6A /* Math.swift in Sources */ = {isa = PBXBuildFile; fileRef = 7D17373B29D9C97A006E7E6A /* Math.swift */; };
		7D17374C29DB21E2006E7E6A /* SafeDictionary.swift in Sources */ = {isa = PBXBuildFile; fileRef = 7D17374B29DB21E2006E7E6A /* SafeDictionary.swift */; };
		7D17374D29DB21E2006E7E6A /* SafeDictionary.swift in Sources */ = {isa = PBXBuildFile; fileRef = 7D17374B29DB21E2006E7E6A /* SafeDictionary.swift */; };
		7D17374E29DB21E2006E7E6A /* SafeDictionary.swift in Sources */ = {isa = PBXBuildFile; fileRef = 7D17374B29DB21E2006E7E6A /* SafeDictionary.swift */; };
		7D17375129DB28FA006E7E6A /* TemplateInteractor.swift in Sources */ = {isa = PBXBuildFile; fileRef = 7D17375029DB28FA006E7E6A /* TemplateInteractor.swift */; };
		7D17375229DB28FA006E7E6A /* TemplateInteractor.swift in Sources */ = {isa = PBXBuildFile; fileRef = 7D17375029DB28FA006E7E6A /* TemplateInteractor.swift */; };
		7D17375329DB28FA006E7E6A /* TemplateInteractor.swift in Sources */ = {isa = PBXBuildFile; fileRef = 7D17375029DB28FA006E7E6A /* TemplateInteractor.swift */; };
		7D17375629DB2E80006E7E6A /* TemplatePresenter.swift in Sources */ = {isa = PBXBuildFile; fileRef = 7D17375529DB2E80006E7E6A /* TemplatePresenter.swift */; };
		7D17375729DB2E80006E7E6A /* TemplatePresenter.swift in Sources */ = {isa = PBXBuildFile; fileRef = 7D17375529DB2E80006E7E6A /* TemplatePresenter.swift */; };
		7D17375829DB2E80006E7E6A /* TemplatePresenter.swift in Sources */ = {isa = PBXBuildFile; fileRef = 7D17375529DB2E80006E7E6A /* TemplatePresenter.swift */; };
		7D4D02D329DB3F9E000590A6 /* TemplateViewController.swift in Sources */ = {isa = PBXBuildFile; fileRef = 7D4D02D129DB3F9E000590A6 /* TemplateViewController.swift */; };
		7D4D02D429DB3F9E000590A6 /* TemplateViewController.xib in Resources */ = {isa = PBXBuildFile; fileRef = 7D4D02D229DB3F9E000590A6 /* TemplateViewController.xib */; };
		7D881F8D29E9B1CD001DF8BA /* TemplateMakable.swift in Sources */ = {isa = PBXBuildFile; fileRef = 7D881F8C29E9B1CD001DF8BA /* TemplateMakable.swift */; };
		7D881F9029E9B43F001DF8BA /* Resoures.swift in Sources */ = {isa = PBXBuildFile; fileRef = 7D881F8F29E9B43F001DF8BA /* Resoures.swift */; };
		7D881F9229E9B5C9001DF8BA /* VideoMakable.swift in Sources */ = {isa = PBXBuildFile; fileRef = 7D881F9129E9B5C9001DF8BA /* VideoMakable.swift */; };
		7D881F9529E9C7CD001DF8BA /* IMG_0007.MOV in Resources */ = {isa = PBXBuildFile; fileRef = 7D881F9429E9C7CD001DF8BA /* IMG_0007.MOV */; };
		7DB5676629DB45AD007E4095 /* MediaService.swift in Sources */ = {isa = PBXBuildFile; fileRef = 7DB5676529DB45AD007E4095 /* MediaService.swift */; };
		7DF57E7229DF50D200A05AAE /* music.aac in Resources */ = {isa = PBXBuildFile; fileRef = 7DF57E7129DF50D200A05AAE /* music.aac */; };
		7DF57E7629E1CDF000A05AAE /* CutStrategyInvertedBackgroundAndRotatedForeground.swift in Sources */ = {isa = PBXBuildFile; fileRef = 7DF57E7529E1CDF000A05AAE /* CutStrategyInvertedBackgroundAndRotatedForeground.swift */; };
		7DF57E7829E1D28200A05AAE /* FileManager+Extension.swift in Sources */ = {isa = PBXBuildFile; fileRef = 7DF57E7729E1D28200A05AAE /* FileManager+Extension.swift */; };
		7DF57E7A29E1D53E00A05AAE /* PictureStrategable.swift in Sources */ = {isa = PBXBuildFile; fileRef = 7DF57E7929E1D53E00A05AAE /* PictureStrategable.swift */; };
/* End PBXBuildFile section */

/* Begin PBXContainerItemProxy section */
		7D1736F729D87DFD006E7E6A /* PBXContainerItemProxy */ = {
			isa = PBXContainerItemProxy;
			containerPortal = 7D1736D829D87DFC006E7E6A /* Project object */;
			proxyType = 1;
			remoteGlobalIDString = 7D1736DF29D87DFC006E7E6A;
			remoteInfo = ModernVideoTemplate;
		};
		7D17370129D87DFD006E7E6A /* PBXContainerItemProxy */ = {
			isa = PBXContainerItemProxy;
			containerPortal = 7D1736D829D87DFC006E7E6A /* Project object */;
			proxyType = 1;
			remoteGlobalIDString = 7D1736DF29D87DFC006E7E6A;
			remoteInfo = ModernVideoTemplate;
		};
/* End PBXContainerItemProxy section */

/* Begin PBXFileReference section */
		7D104E1829E7308400E16814 /* CGSize+Extensions.swift */ = {isa = PBXFileReference; lastKnownFileType = sourcecode.swift; path = "CGSize+Extensions.swift"; sourceTree = "<group>"; };
		7D104E1A29E730B600E16814 /* CGFloat+Extensions.swift */ = {isa = PBXFileReference; lastKnownFileType = sourcecode.swift; path = "CGFloat+Extensions.swift"; sourceTree = "<group>"; };
		7D104E1C29E7344F00E16814 /* CGPoint+Extensions.swift */ = {isa = PBXFileReference; lastKnownFileType = sourcecode.swift; path = "CGPoint+Extensions.swift"; sourceTree = "<group>"; };
		7D104E1E29E8511B00E16814 /* DefaultFilterStrategy.swift */ = {isa = PBXFileReference; lastKnownFileType = sourcecode.swift; path = DefaultFilterStrategy.swift; sourceTree = "<group>"; };
		7D104E2029E8562900E16814 /* CutStrategySlowAppearing.swift */ = {isa = PBXFileReference; lastKnownFileType = sourcecode.swift; path = CutStrategySlowAppearing.swift; sourceTree = "<group>"; };
		7D104E2229E857A500E16814 /* CutStrategyStrokeAppearing.swift */ = {isa = PBXFileReference; lastKnownFileType = sourcecode.swift; path = CutStrategyStrokeAppearing.swift; sourceTree = "<group>"; };
		7D104E2429E8584700E16814 /* CutStrategyInvertRotateScale.swift */ = {isa = PBXFileReference; lastKnownFileType = sourcecode.swift; path = CutStrategyInvertRotateScale.swift; sourceTree = "<group>"; };
		7D104E2629E85B4100E16814 /* CutStrategyForegroundScaling.swift */ = {isa = PBXFileReference; lastKnownFileType = sourcecode.swift; path = CutStrategyForegroundScaling.swift; sourceTree = "<group>"; };
		7D104E2829E872AE00E16814 /* CutStrategyCopySpam.swift */ = {isa = PBXFileReference; lastKnownFileType = sourcecode.swift; path = CutStrategyCopySpam.swift; sourceTree = "<group>"; };
		7D104E2A29E8745C00E16814 /* CutStrategyInvertedBackgroundScaling.swift */ = {isa = PBXFileReference; lastKnownFileType = sourcecode.swift; path = CutStrategyInvertedBackgroundScaling.swift; sourceTree = "<group>"; };
		7D104E2C29E8B62500E16814 /* CIImage+Extensions.swift */ = {isa = PBXFileReference; lastKnownFileType = sourcecode.swift; path = "CIImage+Extensions.swift"; sourceTree = "<group>"; };
		7D104E3029E8B72500E16814 /* CutCutFilter.swift */ = {isa = PBXFileReference; lastKnownFileType = sourcecode.swift; path = CutCutFilter.swift; sourceTree = "<group>"; };
		7D104E3429E8B7A000E16814 /* PictureFilterable.swift */ = {isa = PBXFileReference; lastKnownFileType = sourcecode.swift; path = PictureFilterable.swift; sourceTree = "<group>"; };
		7D104E3829E8B83100E16814 /* DefaultFilter.swift */ = {isa = PBXFileReference; lastKnownFileType = sourcecode.swift; path = DefaultFilter.swift; sourceTree = "<group>"; };
		7D1736E029D87DFC006E7E6A /* ModernVideoTemplate.app */ = {isa = PBXFileReference; explicitFileType = wrapper.application; includeInIndex = 0; path = ModernVideoTemplate.app; sourceTree = BUILT_PRODUCTS_DIR; };
		7D1736E329D87DFC006E7E6A /* AppDelegate.swift */ = {isa = PBXFileReference; lastKnownFileType = sourcecode.swift; path = AppDelegate.swift; sourceTree = "<group>"; };
		7D1736E529D87DFC006E7E6A /* SceneDelegate.swift */ = {isa = PBXFileReference; lastKnownFileType = sourcecode.swift; path = SceneDelegate.swift; sourceTree = "<group>"; };
		7D1736EC29D87DFD006E7E6A /* Assets.xcassets */ = {isa = PBXFileReference; lastKnownFileType = folder.assetcatalog; path = Assets.xcassets; sourceTree = "<group>"; };
		7D1736EF29D87DFD006E7E6A /* Base */ = {isa = PBXFileReference; lastKnownFileType = file.storyboard; name = Base; path = Base.lproj/LaunchScreen.storyboard; sourceTree = "<group>"; };
		7D1736F129D87DFD006E7E6A /* Info.plist */ = {isa = PBXFileReference; lastKnownFileType = text.plist.xml; path = Info.plist; sourceTree = "<group>"; };
		7D1736F629D87DFD006E7E6A /* ModernVideoTemplateTests.xctest */ = {isa = PBXFileReference; explicitFileType = wrapper.cfbundle; includeInIndex = 0; path = ModernVideoTemplateTests.xctest; sourceTree = BUILT_PRODUCTS_DIR; };
		7D1736FA29D87DFD006E7E6A /* ModernVideoTemplateTests.swift */ = {isa = PBXFileReference; lastKnownFileType = sourcecode.swift; path = ModernVideoTemplateTests.swift; sourceTree = "<group>"; };
		7D17370029D87DFD006E7E6A /* ModernVideoTemplateUITests.xctest */ = {isa = PBXFileReference; explicitFileType = wrapper.cfbundle; includeInIndex = 0; path = ModernVideoTemplateUITests.xctest; sourceTree = BUILT_PRODUCTS_DIR; };
		7D17370429D87DFD006E7E6A /* ModernVideoTemplateUITests.swift */ = {isa = PBXFileReference; lastKnownFileType = sourcecode.swift; path = ModernVideoTemplateUITests.swift; sourceTree = "<group>"; };
		7D17370629D87DFD006E7E6A /* ModernVideoTemplateUITestsLaunchTests.swift */ = {isa = PBXFileReference; lastKnownFileType = sourcecode.swift; path = ModernVideoTemplateUITestsLaunchTests.swift; sourceTree = "<group>"; };
		7D17371E29D888A8006E7E6A /* SegmentationResultMLMultiArray.swift */ = {isa = PBXFileReference; lastKnownFileType = sourcecode.swift; path = SegmentationResultMLMultiArray.swift; sourceTree = "<group>"; };
		7D17372229D88ED0006E7E6A /* segmentation_8bit.mlpackage */ = {isa = PBXFileReference; lastKnownFileType = folder.mlpackage; path = segmentation_8bit.mlpackage; sourceTree = "<group>"; };
		7D17372F29D9C709006E7E6A /* CoreML+Helpers.swift */ = {isa = PBXFileReference; lastKnownFileType = sourcecode.swift; path = "CoreML+Helpers.swift"; sourceTree = "<group>"; };
		7D17373329D9C7A1006E7E6A /* UIImage+Extensions.swift */ = {isa = PBXFileReference; lastKnownFileType = sourcecode.swift; path = "UIImage+Extensions.swift"; sourceTree = "<group>"; };
		7D17373729D9C7EC006E7E6A /* CGImage+Extensions.swift */ = {isa = PBXFileReference; lastKnownFileType = sourcecode.swift; path = "CGImage+Extensions.swift"; sourceTree = "<group>"; };
		7D17373B29D9C97A006E7E6A /* Math.swift */ = {isa = PBXFileReference; lastKnownFileType = sourcecode.swift; path = Math.swift; sourceTree = "<group>"; };
		7D17374B29DB21E2006E7E6A /* SafeDictionary.swift */ = {isa = PBXFileReference; lastKnownFileType = sourcecode.swift; path = SafeDictionary.swift; sourceTree = "<group>"; };
		7D17375029DB28FA006E7E6A /* TemplateInteractor.swift */ = {isa = PBXFileReference; lastKnownFileType = sourcecode.swift; path = TemplateInteractor.swift; sourceTree = "<group>"; };
		7D17375529DB2E80006E7E6A /* TemplatePresenter.swift */ = {isa = PBXFileReference; lastKnownFileType = sourcecode.swift; path = TemplatePresenter.swift; sourceTree = "<group>"; };
		7D4D02D129DB3F9E000590A6 /* TemplateViewController.swift */ = {isa = PBXFileReference; lastKnownFileType = sourcecode.swift; path = TemplateViewController.swift; sourceTree = "<group>"; };
		7D4D02D229DB3F9E000590A6 /* TemplateViewController.xib */ = {isa = PBXFileReference; lastKnownFileType = file.xib; path = TemplateViewController.xib; sourceTree = "<group>"; };
		7D881F8C29E9B1CD001DF8BA /* TemplateMakable.swift */ = {isa = PBXFileReference; lastKnownFileType = sourcecode.swift; path = TemplateMakable.swift; sourceTree = "<group>"; };
		7D881F8F29E9B43F001DF8BA /* Resoures.swift */ = {isa = PBXFileReference; lastKnownFileType = sourcecode.swift; path = Resoures.swift; sourceTree = "<group>"; };
		7D881F9129E9B5C9001DF8BA /* VideoMakable.swift */ = {isa = PBXFileReference; lastKnownFileType = sourcecode.swift; path = VideoMakable.swift; sourceTree = "<group>"; };
		7D881F9329E9B914001DF8BA /* Readme.md */ = {isa = PBXFileReference; lastKnownFileType = net.daringfireball.markdown; path = Readme.md; sourceTree = "<group>"; };
		7D881F9429E9C7CD001DF8BA /* IMG_0007.MOV */ = {isa = PBXFileReference; lastKnownFileType = video.quicktime; path = IMG_0007.MOV; sourceTree = "<group>"; };
		7DB5676529DB45AD007E4095 /* MediaService.swift */ = {isa = PBXFileReference; lastKnownFileType = sourcecode.swift; path = MediaService.swift; sourceTree = "<group>"; };
		7DF57E7129DF50D200A05AAE /* music.aac */ = {isa = PBXFileReference; lastKnownFileType = file; path = music.aac; sourceTree = "<group>"; };
		7DF57E7529E1CDF000A05AAE /* CutStrategyInvertedBackgroundAndRotatedForeground.swift */ = {isa = PBXFileReference; lastKnownFileType = sourcecode.swift; path = CutStrategyInvertedBackgroundAndRotatedForeground.swift; sourceTree = "<group>"; };
		7DF57E7729E1D28200A05AAE /* FileManager+Extension.swift */ = {isa = PBXFileReference; lastKnownFileType = sourcecode.swift; path = "FileManager+Extension.swift"; sourceTree = "<group>"; };
		7DF57E7929E1D53E00A05AAE /* PictureStrategable.swift */ = {isa = PBXFileReference; lastKnownFileType = sourcecode.swift; path = PictureStrategable.swift; sourceTree = "<group>"; };
/* End PBXFileReference section */

/* Begin PBXFrameworksBuildPhase section */
		7D1736DD29D87DFC006E7E6A /* Frameworks */ = {
			isa = PBXFrameworksBuildPhase;
			buildActionMask = 2147483647;
			files = (
			);
			runOnlyForDeploymentPostprocessing = 0;
		};
		7D1736F329D87DFD006E7E6A /* Frameworks */ = {
			isa = PBXFrameworksBuildPhase;
			buildActionMask = 2147483647;
			files = (
			);
			runOnlyForDeploymentPostprocessing = 0;
		};
		7D1736FD29D87DFD006E7E6A /* Frameworks */ = {
			isa = PBXFrameworksBuildPhase;
			buildActionMask = 2147483647;
			files = (
			);
			runOnlyForDeploymentPostprocessing = 0;
		};
/* End PBXFrameworksBuildPhase section */

/* Begin PBXGroup section */
		7D104E2E29E8B6AD00E16814 /* Helpers */ = {
			isa = PBXGroup;
			children = (
				7D17374B29DB21E2006E7E6A /* SafeDictionary.swift */,
				7D17372F29D9C709006E7E6A /* CoreML+Helpers.swift */,
				7D17373B29D9C97A006E7E6A /* Math.swift */,
			);
			path = Helpers;
			sourceTree = "<group>";
		};
		7D104E2F29E8B70F00E16814 /* CutCut */ = {
			isa = PBXGroup;
			children = (
				7D104E3029E8B72500E16814 /* CutCutFilter.swift */,
				7D104E3229E8B73700E16814 /* Strategies */,
			);
			path = CutCut;
			sourceTree = "<group>";
		};
		7D104E3229E8B73700E16814 /* Strategies */ = {
			isa = PBXGroup;
			children = (
				7DF57E7529E1CDF000A05AAE /* CutStrategyInvertedBackgroundAndRotatedForeground.swift */,
				7D104E2029E8562900E16814 /* CutStrategySlowAppearing.swift */,
				7D104E2229E857A500E16814 /* CutStrategyStrokeAppearing.swift */,
				7D104E2429E8584700E16814 /* CutStrategyInvertRotateScale.swift */,
				7D104E2629E85B4100E16814 /* CutStrategyForegroundScaling.swift */,
				7D104E2829E872AE00E16814 /* CutStrategyCopySpam.swift */,
				7D104E2A29E8745C00E16814 /* CutStrategyInvertedBackgroundScaling.swift */,
			);
			path = Strategies;
			sourceTree = "<group>";
		};
		7D1736D729D87DFC006E7E6A = {
			isa = PBXGroup;
			children = (
				7D881F9329E9B914001DF8BA /* Readme.md */,
				7D881F9429E9C7CD001DF8BA /* IMG_0007.MOV */,
				7D1736E229D87DFC006E7E6A /* ModernVideoTemplate */,
				7D1736F929D87DFD006E7E6A /* ModernVideoTemplateTests */,
				7D17370329D87DFD006E7E6A /* ModernVideoTemplateUITests */,
				7D1736E129D87DFC006E7E6A /* Products */,
			);
			sourceTree = "<group>";
		};
		7D1736E129D87DFC006E7E6A /* Products */ = {
			isa = PBXGroup;
			children = (
				7D1736E029D87DFC006E7E6A /* ModernVideoTemplate.app */,
				7D1736F629D87DFD006E7E6A /* ModernVideoTemplateTests.xctest */,
				7D17370029D87DFD006E7E6A /* ModernVideoTemplateUITests.xctest */,
			);
			name = Products;
			sourceTree = "<group>";
		};
		7D1736E229D87DFC006E7E6A /* ModernVideoTemplate */ = {
			isa = PBXGroup;
			children = (
				7D1736E329D87DFC006E7E6A /* AppDelegate.swift */,
				7D1736E529D87DFC006E7E6A /* SceneDelegate.swift */,
				7D881F8B29E9B18B001DF8BA /* Protocols */,
				7DB5676429DB45A2007E4095 /* Services */,
				7D17375429DB2E6A006E7E6A /* Presenters */,
				7D17374F29DB28E8006E7E6A /* Interactors */,
				7D17371D29D8887F006E7E6A /* Models */,
				7D17371829D8869E006E7E6A /* Views */,
				7D17371329D87E30006E7E6A /* MLModels */,
				7D17372E29D9C6F6006E7E6A /* Extensions */,
				7D881F8E29E9B412001DF8BA /* Resources */,
				7D104E2E29E8B6AD00E16814 /* Helpers */,
			);
			path = ModernVideoTemplate;
			sourceTree = "<group>";
		};
		7D1736F929D87DFD006E7E6A /* ModernVideoTemplateTests */ = {
			isa = PBXGroup;
			children = (
				7D1736FA29D87DFD006E7E6A /* ModernVideoTemplateTests.swift */,
			);
			path = ModernVideoTemplateTests;
			sourceTree = "<group>";
		};
		7D17370329D87DFD006E7E6A /* ModernVideoTemplateUITests */ = {
			isa = PBXGroup;
			children = (
				7D17370429D87DFD006E7E6A /* ModernVideoTemplateUITests.swift */,
				7D17370629D87DFD006E7E6A /* ModernVideoTemplateUITestsLaunchTests.swift */,
			);
			path = ModernVideoTemplateUITests;
			sourceTree = "<group>";
		};
		7D17371329D87E30006E7E6A /* MLModels */ = {
			isa = PBXGroup;
			children = (
				7D17372229D88ED0006E7E6A /* segmentation_8bit.mlpackage */,
			);
			path = MLModels;
			sourceTree = "<group>";
		};
		7D17371829D8869E006E7E6A /* Views */ = {
			isa = PBXGroup;
			children = (
				7D4D02D229DB3F9E000590A6 /* TemplateViewController.xib */,
				7D4D02D129DB3F9E000590A6 /* TemplateViewController.swift */,
			);
			path = Views;
			sourceTree = "<group>";
		};
		7D17371D29D8887F006E7E6A /* Models */ = {
			isa = PBXGroup;
			children = (
				7D17371E29D888A8006E7E6A /* SegmentationResultMLMultiArray.swift */,
				7DF57E7D29E1D5C900A05AAE /* PictureFilter */,
			);
			path = Models;
			sourceTree = "<group>";
		};
		7D17372E29D9C6F6006E7E6A /* Extensions */ = {
			isa = PBXGroup;
			children = (
				7D104E2C29E8B62500E16814 /* CIImage+Extensions.swift */,
				7D17373729D9C7EC006E7E6A /* CGImage+Extensions.swift */,
				7D104E1A29E730B600E16814 /* CGFloat+Extensions.swift */,
				7D104E1829E7308400E16814 /* CGSize+Extensions.swift */,
				7D104E1C29E7344F00E16814 /* CGPoint+Extensions.swift */,
				7DF57E7729E1D28200A05AAE /* FileManager+Extension.swift */,
				7D17373329D9C7A1006E7E6A /* UIImage+Extensions.swift */,
			);
			path = Extensions;
			sourceTree = "<group>";
		};
		7D17374F29DB28E8006E7E6A /* Interactors */ = {
			isa = PBXGroup;
			children = (
				7D17375029DB28FA006E7E6A /* TemplateInteractor.swift */,
			);
			path = Interactors;
			sourceTree = "<group>";
		};
		7D17375429DB2E6A006E7E6A /* Presenters */ = {
			isa = PBXGroup;
			children = (
				7D17375529DB2E80006E7E6A /* TemplatePresenter.swift */,
			);
			path = Presenters;
			sourceTree = "<group>";
		};
		7D881F8B29E9B18B001DF8BA /* Protocols */ = {
			isa = PBXGroup;
			children = (
				7D104E3429E8B7A000E16814 /* PictureFilterable.swift */,
				7DF57E7929E1D53E00A05AAE /* PictureStrategable.swift */,
				7D881F8C29E9B1CD001DF8BA /* TemplateMakable.swift */,
				7D881F9129E9B5C9001DF8BA /* VideoMakable.swift */,
			);
			path = Protocols;
			sourceTree = "<group>";
		};
		7D881F8E29E9B412001DF8BA /* Resources */ = {
			isa = PBXGroup;
			children = (
				7D1736EE29D87DFD006E7E6A /* LaunchScreen.storyboard */,
				7D1736EC29D87DFD006E7E6A /* Assets.xcassets */,
				7DF57E7129DF50D200A05AAE /* music.aac */,
				7D1736F129D87DFD006E7E6A /* Info.plist */,
				7D881F8F29E9B43F001DF8BA /* Resoures.swift */,
			);
			path = Resources;
			sourceTree = "<group>";
		};
		7DB5676429DB45A2007E4095 /* Services */ = {
			isa = PBXGroup;
			children = (
				7DB5676529DB45AD007E4095 /* MediaService.swift */,
			);
			path = Services;
			sourceTree = "<group>";
		};
		7DF57E7D29E1D5C900A05AAE /* PictureFilter */ = {
			isa = PBXGroup;
			children = (
				7D104E3829E8B83100E16814 /* DefaultFilter.swift */,
				7D104E1E29E8511B00E16814 /* DefaultFilterStrategy.swift */,
				7D104E2F29E8B70F00E16814 /* CutCut */,
			);
			path = PictureFilter;
			sourceTree = "<group>";
		};
/* End PBXGroup section */

/* Begin PBXNativeTarget section */
		7D1736DF29D87DFC006E7E6A /* ModernVideoTemplate */ = {
			isa = PBXNativeTarget;
			buildConfigurationList = 7D17370A29D87DFD006E7E6A /* Build configuration list for PBXNativeTarget "ModernVideoTemplate" */;
			buildPhases = (
				7D1736DC29D87DFC006E7E6A /* Sources */,
				7D1736DD29D87DFC006E7E6A /* Frameworks */,
				7D1736DE29D87DFC006E7E6A /* Resources */,
			);
			buildRules = (
			);
			dependencies = (
			);
			name = ModernVideoTemplate;
			productName = ModernVideoTemplate;
			productReference = 7D1736E029D87DFC006E7E6A /* ModernVideoTemplate.app */;
			productType = "com.apple.product-type.application";
		};
		7D1736F529D87DFD006E7E6A /* ModernVideoTemplateTests */ = {
			isa = PBXNativeTarget;
			buildConfigurationList = 7D17370D29D87DFD006E7E6A /* Build configuration list for PBXNativeTarget "ModernVideoTemplateTests" */;
			buildPhases = (
				7D1736F229D87DFD006E7E6A /* Sources */,
				7D1736F329D87DFD006E7E6A /* Frameworks */,
				7D1736F429D87DFD006E7E6A /* Resources */,
			);
			buildRules = (
			);
			dependencies = (
				7D1736F829D87DFD006E7E6A /* PBXTargetDependency */,
			);
			name = ModernVideoTemplateTests;
			productName = ModernVideoTemplateTests;
			productReference = 7D1736F629D87DFD006E7E6A /* ModernVideoTemplateTests.xctest */;
			productType = "com.apple.product-type.bundle.unit-test";
		};
		7D1736FF29D87DFD006E7E6A /* ModernVideoTemplateUITests */ = {
			isa = PBXNativeTarget;
			buildConfigurationList = 7D17371029D87DFD006E7E6A /* Build configuration list for PBXNativeTarget "ModernVideoTemplateUITests" */;
			buildPhases = (
				7D1736FC29D87DFD006E7E6A /* Sources */,
				7D1736FD29D87DFD006E7E6A /* Frameworks */,
				7D1736FE29D87DFD006E7E6A /* Resources */,
			);
			buildRules = (
			);
			dependencies = (
				7D17370229D87DFD006E7E6A /* PBXTargetDependency */,
			);
			name = ModernVideoTemplateUITests;
			productName = ModernVideoTemplateUITests;
			productReference = 7D17370029D87DFD006E7E6A /* ModernVideoTemplateUITests.xctest */;
			productType = "com.apple.product-type.bundle.ui-testing";
		};
/* End PBXNativeTarget section */

/* Begin PBXProject section */
		7D1736D829D87DFC006E7E6A /* Project object */ = {
			isa = PBXProject;
			attributes = {
				BuildIndependentTargetsInParallel = 1;
				LastSwiftUpdateCheck = 1430;
				LastUpgradeCheck = 1430;
				TargetAttributes = {
					7D1736DF29D87DFC006E7E6A = {
						CreatedOnToolsVersion = 14.3;
					};
					7D1736F529D87DFD006E7E6A = {
						CreatedOnToolsVersion = 14.3;
						TestTargetID = 7D1736DF29D87DFC006E7E6A;
					};
					7D1736FF29D87DFD006E7E6A = {
						CreatedOnToolsVersion = 14.3;
						TestTargetID = 7D1736DF29D87DFC006E7E6A;
					};
				};
			};
			buildConfigurationList = 7D1736DB29D87DFC006E7E6A /* Build configuration list for PBXProject "ModernVideoTemplate" */;
			compatibilityVersion = "Xcode 14.0";
			developmentRegion = en;
			hasScannedForEncodings = 0;
			knownRegions = (
				en,
				Base,
			);
			mainGroup = 7D1736D729D87DFC006E7E6A;
			productRefGroup = 7D1736E129D87DFC006E7E6A /* Products */;
			projectDirPath = "";
			projectRoot = "";
			targets = (
				7D1736DF29D87DFC006E7E6A /* ModernVideoTemplate */,
				7D1736F529D87DFD006E7E6A /* ModernVideoTemplateTests */,
				7D1736FF29D87DFD006E7E6A /* ModernVideoTemplateUITests */,
			);
		};
/* End PBXProject section */

/* Begin PBXResourcesBuildPhase section */
		7D1736DE29D87DFC006E7E6A /* Resources */ = {
			isa = PBXResourcesBuildPhase;
			buildActionMask = 2147483647;
			files = (
				7D1736F029D87DFD006E7E6A /* LaunchScreen.storyboard in Resources */,
				7DF57E7229DF50D200A05AAE /* music.aac in Resources */,
				7D1736ED29D87DFD006E7E6A /* Assets.xcassets in Resources */,
				7D881F9529E9C7CD001DF8BA /* IMG_0007.MOV in Resources */,
				7D4D02D429DB3F9E000590A6 /* TemplateViewController.xib in Resources */,
			);
			runOnlyForDeploymentPostprocessing = 0;
		};
		7D1736F429D87DFD006E7E6A /* Resources */ = {
			isa = PBXResourcesBuildPhase;
			buildActionMask = 2147483647;
			files = (
			);
			runOnlyForDeploymentPostprocessing = 0;
		};
		7D1736FE29D87DFD006E7E6A /* Resources */ = {
			isa = PBXResourcesBuildPhase;
			buildActionMask = 2147483647;
			files = (
			);
			runOnlyForDeploymentPostprocessing = 0;
		};
/* End PBXResourcesBuildPhase section */

/* Begin PBXSourcesBuildPhase section */
		7D1736DC29D87DFC006E7E6A /* Sources */ = {
			isa = PBXSourcesBuildPhase;
			buildActionMask = 2147483647;
			files = (
				7D104E2329E857A500E16814 /* CutStrategyStrokeAppearing.swift in Sources */,
				7D17375629DB2E80006E7E6A /* TemplatePresenter.swift in Sources */,
				7D104E3529E8B7A000E16814 /* PictureFilterable.swift in Sources */,
				7D881F9029E9B43F001DF8BA /* Resoures.swift in Sources */,
				7D17372329D88ED0006E7E6A /* segmentation_8bit.mlpackage in Sources */,
				7DB5676629DB45AD007E4095 /* MediaService.swift in Sources */,
				7D17373029D9C709006E7E6A /* CoreML+Helpers.swift in Sources */,
				7D104E3129E8B72500E16814 /* CutCutFilter.swift in Sources */,
				7D104E2129E8562900E16814 /* CutStrategySlowAppearing.swift in Sources */,
				7DF57E7A29E1D53E00A05AAE /* PictureStrategable.swift in Sources */,
				7D881F9229E9B5C9001DF8BA /* VideoMakable.swift in Sources */,
				7D17374C29DB21E2006E7E6A /* SafeDictionary.swift in Sources */,
				7D1736E429D87DFC006E7E6A /* AppDelegate.swift in Sources */,
				7D1736E629D87DFC006E7E6A /* SceneDelegate.swift in Sources */,
				7D104E1B29E730B600E16814 /* CGFloat+Extensions.swift in Sources */,
				7D4D02D329DB3F9E000590A6 /* TemplateViewController.swift in Sources */,
				7D104E1F29E8511B00E16814 /* DefaultFilterStrategy.swift in Sources */,
				7D17373829D9C7EC006E7E6A /* CGImage+Extensions.swift in Sources */,
				7D104E2B29E8745C00E16814 /* CutStrategyInvertedBackgroundScaling.swift in Sources */,
				7D17375129DB28FA006E7E6A /* TemplateInteractor.swift in Sources */,
				7D104E2929E872AE00E16814 /* CutStrategyCopySpam.swift in Sources */,
				7D104E1929E7308400E16814 /* CGSize+Extensions.swift in Sources */,
				7D17373429D9C7A1006E7E6A /* UIImage+Extensions.swift in Sources */,
				7D104E2729E85B4100E16814 /* CutStrategyForegroundScaling.swift in Sources */,
				7D17371F29D888A8006E7E6A /* SegmentationResultMLMultiArray.swift in Sources */,
				7D104E1D29E7344F00E16814 /* CGPoint+Extensions.swift in Sources */,
				7D881F8D29E9B1CD001DF8BA /* TemplateMakable.swift in Sources */,
				7D104E3929E8B83100E16814 /* DefaultFilter.swift in Sources */,
				7D17373C29D9C97A006E7E6A /* Math.swift in Sources */,
				7DF57E7629E1CDF000A05AAE /* CutStrategyInvertedBackgroundAndRotatedForeground.swift in Sources */,
				7D104E2D29E8B62500E16814 /* CIImage+Extensions.swift in Sources */,
				7D104E2529E8584700E16814 /* CutStrategyInvertRotateScale.swift in Sources */,
				7DF57E7829E1D28200A05AAE /* FileManager+Extension.swift in Sources */,
			);
			runOnlyForDeploymentPostprocessing = 0;
		};
		7D1736F229D87DFD006E7E6A /* Sources */ = {
			isa = PBXSourcesBuildPhase;
			buildActionMask = 2147483647;
			files = (
				7D17373129D9C709006E7E6A /* CoreML+Helpers.swift in Sources */,
				7D1736FB29D87DFD006E7E6A /* ModernVideoTemplateTests.swift in Sources */,
				7D17375729DB2E80006E7E6A /* TemplatePresenter.swift in Sources */,
				7D17374D29DB21E2006E7E6A /* SafeDictionary.swift in Sources */,
				7D17373929D9C7EC006E7E6A /* CGImage+Extensions.swift in Sources */,
				7D17372029D888A8006E7E6A /* SegmentationResultMLMultiArray.swift in Sources */,
				7D17375229DB28FA006E7E6A /* TemplateInteractor.swift in Sources */,
				7D17372429D88ED0006E7E6A /* segmentation_8bit.mlpackage in Sources */,
				7D17373529D9C7A1006E7E6A /* UIImage+Extensions.swift in Sources */,
				7D17373D29D9C97A006E7E6A /* Math.swift in Sources */,
			);
			runOnlyForDeploymentPostprocessing = 0;
		};
		7D1736FC29D87DFD006E7E6A /* Sources */ = {
			isa = PBXSourcesBuildPhase;
			buildActionMask = 2147483647;
			files = (
				7D17375329DB28FA006E7E6A /* TemplateInteractor.swift in Sources */,
				7D17372129D888A8006E7E6A /* SegmentationResultMLMultiArray.swift in Sources */,
				7D17373E29D9C97A006E7E6A /* Math.swift in Sources */,
				7D17370529D87DFD006E7E6A /* ModernVideoTemplateUITests.swift in Sources */,
				7D17375829DB2E80006E7E6A /* TemplatePresenter.swift in Sources */,
				7D17372529D88ED0006E7E6A /* segmentation_8bit.mlpackage in Sources */,
				7D17373629D9C7A1006E7E6A /* UIImage+Extensions.swift in Sources */,
				7D17374E29DB21E2006E7E6A /* SafeDictionary.swift in Sources */,
				7D17370729D87DFD006E7E6A /* ModernVideoTemplateUITestsLaunchTests.swift in Sources */,
				7D17373229D9C709006E7E6A /* CoreML+Helpers.swift in Sources */,
				7D17373A29D9C7EC006E7E6A /* CGImage+Extensions.swift in Sources */,
			);
			runOnlyForDeploymentPostprocessing = 0;
		};
/* End PBXSourcesBuildPhase section */

/* Begin PBXTargetDependency section */
		7D1736F829D87DFD006E7E6A /* PBXTargetDependency */ = {
			isa = PBXTargetDependency;
			target = 7D1736DF29D87DFC006E7E6A /* ModernVideoTemplate */;
			targetProxy = 7D1736F729D87DFD006E7E6A /* PBXContainerItemProxy */;
		};
		7D17370229D87DFD006E7E6A /* PBXTargetDependency */ = {
			isa = PBXTargetDependency;
			target = 7D1736DF29D87DFC006E7E6A /* ModernVideoTemplate */;
			targetProxy = 7D17370129D87DFD006E7E6A /* PBXContainerItemProxy */;
		};
/* End PBXTargetDependency section */

/* Begin PBXVariantGroup section */
		7D1736EE29D87DFD006E7E6A /* LaunchScreen.storyboard */ = {
			isa = PBXVariantGroup;
			children = (
				7D1736EF29D87DFD006E7E6A /* Base */,
			);
			name = LaunchScreen.storyboard;
			sourceTree = "<group>";
		};
/* End PBXVariantGroup section */

/* Begin XCBuildConfiguration section */
		7D17370829D87DFD006E7E6A /* Debug */ = {
			isa = XCBuildConfiguration;
			buildSettings = {
				ALWAYS_SEARCH_USER_PATHS = NO;
				CLANG_ANALYZER_NONNULL = YES;
				CLANG_ANALYZER_NUMBER_OBJECT_CONVERSION = YES_AGGRESSIVE;
				CLANG_CXX_LANGUAGE_STANDARD = "gnu++20";
				CLANG_ENABLE_MODULES = YES;
				CLANG_ENABLE_OBJC_ARC = YES;
				CLANG_ENABLE_OBJC_WEAK = YES;
				CLANG_WARN_BLOCK_CAPTURE_AUTORELEASING = YES;
				CLANG_WARN_BOOL_CONVERSION = YES;
				CLANG_WARN_COMMA = YES;
				CLANG_WARN_CONSTANT_CONVERSION = YES;
				CLANG_WARN_DEPRECATED_OBJC_IMPLEMENTATIONS = YES;
				CLANG_WARN_DIRECT_OBJC_ISA_USAGE = YES_ERROR;
				CLANG_WARN_DOCUMENTATION_COMMENTS = YES;
				CLANG_WARN_EMPTY_BODY = YES;
				CLANG_WARN_ENUM_CONVERSION = YES;
				CLANG_WARN_INFINITE_RECURSION = YES;
				CLANG_WARN_INT_CONVERSION = YES;
				CLANG_WARN_NON_LITERAL_NULL_CONVERSION = YES;
				CLANG_WARN_OBJC_IMPLICIT_RETAIN_SELF = YES;
				CLANG_WARN_OBJC_LITERAL_CONVERSION = YES;
				CLANG_WARN_OBJC_ROOT_CLASS = YES_ERROR;
				CLANG_WARN_QUOTED_INCLUDE_IN_FRAMEWORK_HEADER = YES;
				CLANG_WARN_RANGE_LOOP_ANALYSIS = YES;
				CLANG_WARN_STRICT_PROTOTYPES = YES;
				CLANG_WARN_SUSPICIOUS_MOVE = YES;
				CLANG_WARN_UNGUARDED_AVAILABILITY = YES_AGGRESSIVE;
				CLANG_WARN_UNREACHABLE_CODE = YES;
				CLANG_WARN__DUPLICATE_METHOD_MATCH = YES;
				COPY_PHASE_STRIP = NO;
				DEBUG_INFORMATION_FORMAT = dwarf;
				ENABLE_STRICT_OBJC_MSGSEND = YES;
				ENABLE_TESTABILITY = YES;
				GCC_C_LANGUAGE_STANDARD = gnu11;
				GCC_DYNAMIC_NO_PIC = NO;
				GCC_NO_COMMON_BLOCKS = YES;
				GCC_OPTIMIZATION_LEVEL = 0;
				GCC_PREPROCESSOR_DEFINITIONS = (
					"DEBUG=1",
					"$(inherited)",
				);
				GCC_WARN_64_TO_32_BIT_CONVERSION = YES;
				GCC_WARN_ABOUT_RETURN_TYPE = YES_ERROR;
				GCC_WARN_UNDECLARED_SELECTOR = YES;
				GCC_WARN_UNINITIALIZED_AUTOS = YES_AGGRESSIVE;
				GCC_WARN_UNUSED_FUNCTION = YES;
				GCC_WARN_UNUSED_VARIABLE = YES;
				IPHONEOS_DEPLOYMENT_TARGET = 16.4;
				MTL_ENABLE_DEBUG_INFO = INCLUDE_SOURCE;
				MTL_FAST_MATH = YES;
				ONLY_ACTIVE_ARCH = YES;
				SDKROOT = iphoneos;
				SWIFT_ACTIVE_COMPILATION_CONDITIONS = DEBUG;
				SWIFT_OPTIMIZATION_LEVEL = "-Onone";
			};
			name = Debug;
		};
		7D17370929D87DFD006E7E6A /* Release */ = {
			isa = XCBuildConfiguration;
			buildSettings = {
				ALWAYS_SEARCH_USER_PATHS = NO;
				CLANG_ANALYZER_NONNULL = YES;
				CLANG_ANALYZER_NUMBER_OBJECT_CONVERSION = YES_AGGRESSIVE;
				CLANG_CXX_LANGUAGE_STANDARD = "gnu++20";
				CLANG_ENABLE_MODULES = YES;
				CLANG_ENABLE_OBJC_ARC = YES;
				CLANG_ENABLE_OBJC_WEAK = YES;
				CLANG_WARN_BLOCK_CAPTURE_AUTORELEASING = YES;
				CLANG_WARN_BOOL_CONVERSION = YES;
				CLANG_WARN_COMMA = YES;
				CLANG_WARN_CONSTANT_CONVERSION = YES;
				CLANG_WARN_DEPRECATED_OBJC_IMPLEMENTATIONS = YES;
				CLANG_WARN_DIRECT_OBJC_ISA_USAGE = YES_ERROR;
				CLANG_WARN_DOCUMENTATION_COMMENTS = YES;
				CLANG_WARN_EMPTY_BODY = YES;
				CLANG_WARN_ENUM_CONVERSION = YES;
				CLANG_WARN_INFINITE_RECURSION = YES;
				CLANG_WARN_INT_CONVERSION = YES;
				CLANG_WARN_NON_LITERAL_NULL_CONVERSION = YES;
				CLANG_WARN_OBJC_IMPLICIT_RETAIN_SELF = YES;
				CLANG_WARN_OBJC_LITERAL_CONVERSION = YES;
				CLANG_WARN_OBJC_ROOT_CLASS = YES_ERROR;
				CLANG_WARN_QUOTED_INCLUDE_IN_FRAMEWORK_HEADER = YES;
				CLANG_WARN_RANGE_LOOP_ANALYSIS = YES;
				CLANG_WARN_STRICT_PROTOTYPES = YES;
				CLANG_WARN_SUSPICIOUS_MOVE = YES;
				CLANG_WARN_UNGUARDED_AVAILABILITY = YES_AGGRESSIVE;
				CLANG_WARN_UNREACHABLE_CODE = YES;
				CLANG_WARN__DUPLICATE_METHOD_MATCH = YES;
				COPY_PHASE_STRIP = NO;
				DEBUG_INFORMATION_FORMAT = "dwarf-with-dsym";
				ENABLE_NS_ASSERTIONS = NO;
				ENABLE_STRICT_OBJC_MSGSEND = YES;
				GCC_C_LANGUAGE_STANDARD = gnu11;
				GCC_NO_COMMON_BLOCKS = YES;
				GCC_WARN_64_TO_32_BIT_CONVERSION = YES;
				GCC_WARN_ABOUT_RETURN_TYPE = YES_ERROR;
				GCC_WARN_UNDECLARED_SELECTOR = YES;
				GCC_WARN_UNINITIALIZED_AUTOS = YES_AGGRESSIVE;
				GCC_WARN_UNUSED_FUNCTION = YES;
				GCC_WARN_UNUSED_VARIABLE = YES;
				IPHONEOS_DEPLOYMENT_TARGET = 16.4;
				MTL_ENABLE_DEBUG_INFO = NO;
				MTL_FAST_MATH = YES;
				SDKROOT = iphoneos;
				SWIFT_COMPILATION_MODE = wholemodule;
				SWIFT_OPTIMIZATION_LEVEL = "-O";
				VALIDATE_PRODUCT = YES;
			};
			name = Release;
		};
		7D17370B29D87DFD006E7E6A /* Debug */ = {
			isa = XCBuildConfiguration;
			buildSettings = {
				ASSETCATALOG_COMPILER_APPICON_NAME = AppIcon;
				ASSETCATALOG_COMPILER_GLOBAL_ACCENT_COLOR_NAME = AccentColor;
				CODE_SIGN_STYLE = Automatic;
				CURRENT_PROJECT_VERSION = 1;
				DEVELOPMENT_TEAM = R6P72SK9GM;
				GENERATE_INFOPLIST_FILE = YES;
				INFOPLIST_FILE = ModernVideoTemplate/Resources/Info.plist;
				INFOPLIST_KEY_UIApplicationSupportsIndirectInputEvents = YES;
				INFOPLIST_KEY_UILaunchStoryboardName = LaunchScreen.storyboard;
				INFOPLIST_KEY_UIMainStoryboardFile = "";
				INFOPLIST_KEY_UIStatusBarHidden = NO;
				INFOPLIST_KEY_UIStatusBarStyle = UIStatusBarStyleDarkContent;
				INFOPLIST_KEY_UISupportedInterfaceOrientations = UIInterfaceOrientationPortrait;
				INFOPLIST_KEY_UISupportedInterfaceOrientations_iPad = "UIInterfaceOrientationLandscapeLeft UIInterfaceOrientationLandscapeRight UIInterfaceOrientationPortrait UIInterfaceOrientationPortraitUpsideDown";
				IPHONEOS_DEPLOYMENT_TARGET = 15.0;
				LD_RUNPATH_SEARCH_PATHS = (
					"$(inherited)",
					"@executable_path/Frameworks",
				);
				MARKETING_VERSION = 1.0;
				PRODUCT_BUNDLE_IDENTIFIER = jemzza.ModernVideoTemplate;
				PRODUCT_NAME = "$(TARGET_NAME)";
				SUPPORTED_PLATFORMS = "iphoneos iphonesimulator";
				SUPPORTS_MACCATALYST = NO;
				SUPPORTS_MAC_DESIGNED_FOR_IPHONE_IPAD = YES;
				SWIFT_EMIT_LOC_STRINGS = YES;
				SWIFT_VERSION = 5.0;
				TARGETED_DEVICE_FAMILY = 1;
			};
			name = Debug;
		};
		7D17370C29D87DFD006E7E6A /* Release */ = {
			isa = XCBuildConfiguration;
			buildSettings = {
				ASSETCATALOG_COMPILER_APPICON_NAME = AppIcon;
				ASSETCATALOG_COMPILER_GLOBAL_ACCENT_COLOR_NAME = AccentColor;
				CODE_SIGN_STYLE = Automatic;
				CURRENT_PROJECT_VERSION = 1;
				DEVELOPMENT_TEAM = R6P72SK9GM;
				GENERATE_INFOPLIST_FILE = YES;
				INFOPLIST_FILE = ModernVideoTemplate/Resources/Info.plist;
				INFOPLIST_KEY_UIApplicationSupportsIndirectInputEvents = YES;
				INFOPLIST_KEY_UILaunchStoryboardName = LaunchScreen.storyboard;
				INFOPLIST_KEY_UIMainStoryboardFile = "";
				INFOPLIST_KEY_UIStatusBarHidden = NO;
				INFOPLIST_KEY_UIStatusBarStyle = UIStatusBarStyleDarkContent;
				INFOPLIST_KEY_UISupportedInterfaceOrientations = UIInterfaceOrientationPortrait;
				INFOPLIST_KEY_UISupportedInterfaceOrientations_iPad = "UIInterfaceOrientationLandscapeLeft UIInterfaceOrientationLandscapeRight UIInterfaceOrientationPortrait UIInterfaceOrientationPortraitUpsideDown";
				IPHONEOS_DEPLOYMENT_TARGET = 15.0;
				LD_RUNPATH_SEARCH_PATHS = (
					"$(inherited)",
					"@executable_path/Frameworks",
				);
				MARKETING_VERSION = 1.0;
				PRODUCT_BUNDLE_IDENTIFIER = jemzza.ModernVideoTemplate;
				PRODUCT_NAME = "$(TARGET_NAME)";
				SUPPORTED_PLATFORMS = "iphoneos iphonesimulator";
				SUPPORTS_MACCATALYST = NO;
				SUPPORTS_MAC_DESIGNED_FOR_IPHONE_IPAD = YES;
				SWIFT_EMIT_LOC_STRINGS = YES;
				SWIFT_VERSION = 5.0;
				TARGETED_DEVICE_FAMILY = 1;
			};
			name = Release;
		};
		7D17370E29D87DFD006E7E6A /* Debug */ = {
			isa = XCBuildConfiguration;
			buildSettings = {
				ALWAYS_EMBED_SWIFT_STANDARD_LIBRARIES = YES;
				BUNDLE_LOADER = "$(TEST_HOST)";
				CODE_SIGN_STYLE = Automatic;
				CURRENT_PROJECT_VERSION = 1;
				DEVELOPMENT_TEAM = R6P72SK9GM;
				GENERATE_INFOPLIST_FILE = YES;
				IPHONEOS_DEPLOYMENT_TARGET = 16.4;
				MARKETING_VERSION = 1.0;
				PRODUCT_BUNDLE_IDENTIFIER = jemzza.ModernVideoTemplateTests;
				PRODUCT_NAME = "$(TARGET_NAME)";
				SWIFT_EMIT_LOC_STRINGS = NO;
				SWIFT_VERSION = 5.0;
				TARGETED_DEVICE_FAMILY = "1,2";
				TEST_HOST = "$(BUILT_PRODUCTS_DIR)/ModernVideoTemplate.app/$(BUNDLE_EXECUTABLE_FOLDER_PATH)/ModernVideoTemplate";
			};
			name = Debug;
		};
		7D17370F29D87DFD006E7E6A /* Release */ = {
			isa = XCBuildConfiguration;
			buildSettings = {
				ALWAYS_EMBED_SWIFT_STANDARD_LIBRARIES = YES;
				BUNDLE_LOADER = "$(TEST_HOST)";
				CODE_SIGN_STYLE = Automatic;
				CURRENT_PROJECT_VERSION = 1;
				DEVELOPMENT_TEAM = R6P72SK9GM;
				GENERATE_INFOPLIST_FILE = YES;
				IPHONEOS_DEPLOYMENT_TARGET = 16.4;
				MARKETING_VERSION = 1.0;
				PRODUCT_BUNDLE_IDENTIFIER = jemzza.ModernVideoTemplateTests;
				PRODUCT_NAME = "$(TARGET_NAME)";
				SWIFT_EMIT_LOC_STRINGS = NO;
				SWIFT_VERSION = 5.0;
				TARGETED_DEVICE_FAMILY = "1,2";
				TEST_HOST = "$(BUILT_PRODUCTS_DIR)/ModernVideoTemplate.app/$(BUNDLE_EXECUTABLE_FOLDER_PATH)/ModernVideoTemplate";
			};
			name = Release;
		};
		7D17371129D87DFD006E7E6A /* Debug */ = {
			isa = XCBuildConfiguration;
			buildSettings = {
				ALWAYS_EMBED_SWIFT_STANDARD_LIBRARIES = YES;
				CODE_SIGN_STYLE = Automatic;
				CURRENT_PROJECT_VERSION = 1;
				DEVELOPMENT_TEAM = R6P72SK9GM;
				GENERATE_INFOPLIST_FILE = YES;
				MARKETING_VERSION = 1.0;
				PRODUCT_BUNDLE_IDENTIFIER = jemzza.ModernVideoTemplateUITests;
				PRODUCT_NAME = "$(TARGET_NAME)";
				SWIFT_EMIT_LOC_STRINGS = NO;
				SWIFT_VERSION = 5.0;
				TARGETED_DEVICE_FAMILY = "1,2";
				TEST_TARGET_NAME = ModernVideoTemplate;
			};
			name = Debug;
		};
		7D17371229D87DFD006E7E6A /* Release */ = {
			isa = XCBuildConfiguration;
			buildSettings = {
				ALWAYS_EMBED_SWIFT_STANDARD_LIBRARIES = YES;
				CODE_SIGN_STYLE = Automatic;
				CURRENT_PROJECT_VERSION = 1;
				DEVELOPMENT_TEAM = R6P72SK9GM;
				GENERATE_INFOPLIST_FILE = YES;
				MARKETING_VERSION = 1.0;
				PRODUCT_BUNDLE_IDENTIFIER = jemzza.ModernVideoTemplateUITests;
				PRODUCT_NAME = "$(TARGET_NAME)";
				SWIFT_EMIT_LOC_STRINGS = NO;
				SWIFT_VERSION = 5.0;
				TARGETED_DEVICE_FAMILY = "1,2";
				TEST_TARGET_NAME = ModernVideoTemplate;
			};
			name = Release;
		};
/* End XCBuildConfiguration section */

/* Begin XCConfigurationList section */
		7D1736DB29D87DFC006E7E6A /* Build configuration list for PBXProject "ModernVideoTemplate" */ = {
			isa = XCConfigurationList;
			buildConfigurations = (
				7D17370829D87DFD006E7E6A /* Debug */,
				7D17370929D87DFD006E7E6A /* Release */,
			);
			defaultConfigurationIsVisible = 0;
			defaultConfigurationName = Release;
		};
		7D17370A29D87DFD006E7E6A /* Build configuration list for PBXNativeTarget "ModernVideoTemplate" */ = {
			isa = XCConfigurationList;
			buildConfigurations = (
				7D17370B29D87DFD006E7E6A /* Debug */,
				7D17370C29D87DFD006E7E6A /* Release */,
			);
			defaultConfigurationIsVisible = 0;
			defaultConfigurationName = Release;
		};
		7D17370D29D87DFD006E7E6A /* Build configuration list for PBXNativeTarget "ModernVideoTemplateTests" */ = {
			isa = XCConfigurationList;
			buildConfigurations = (
				7D17370E29D87DFD006E7E6A /* Debug */,
				7D17370F29D87DFD006E7E6A /* Release */,
			);
			defaultConfigurationIsVisible = 0;
			defaultConfigurationName = Release;
		};
		7D17371029D87DFD006E7E6A /* Build configuration list for PBXNativeTarget "ModernVideoTemplateUITests" */ = {
			isa = XCConfigurationList;
			buildConfigurations = (
				7D17371129D87DFD006E7E6A /* Debug */,
				7D17371229D87DFD006E7E6A /* Release */,
			);
			defaultConfigurationIsVisible = 0;
			defaultConfigurationName = Release;
		};
/* End XCConfigurationList section */
	};
	rootObject = 7D1736D829D87DFC006E7E6A /* Project object */;
}
