// !$*UTF8*$!
{
	archiveVersion = 1;
	classes = {
	};
	objectVersion = 56;
	objects = {

/* Begin PBXBuildFile section */
		7D1736E429D87DFC006E7E6A /* AppDelegate.swift in Sources */ = {isa = PBXBuildFile; fileRef = 7D1736E329D87DFC006E7E6A /* AppDelegate.swift */; };
		7D1736E629D87DFC006E7E6A /* SceneDelegate.swift in Sources */ = {isa = PBXBuildFile; fileRef = 7D1736E529D87DFC006E7E6A /* SceneDelegate.swift */; };
		7D1736E829D87DFC006E7E6A /* ViewController.swift in Sources */ = {isa = PBXBuildFile; fileRef = 7D1736E729D87DFC006E7E6A /* ViewController.swift */; };
		7D1736EB29D87DFC006E7E6A /* Main.storyboard in Resources */ = {isa = PBXBuildFile; fileRef = 7D1736E929D87DFC006E7E6A /* Main.storyboard */; };
		7D1736ED29D87DFD006E7E6A /* Assets.xcassets in Resources */ = {isa = PBXBuildFile; fileRef = 7D1736EC29D87DFD006E7E6A /* Assets.xcassets */; };
		7D1736F029D87DFD006E7E6A /* LaunchScreen.storyboard in Resources */ = {isa = PBXBuildFile; fileRef = 7D1736EE29D87DFD006E7E6A /* LaunchScreen.storyboard */; };
		7D1736FB29D87DFD006E7E6A /* ModernVideoTemplateTests.swift in Sources */ = {isa = PBXBuildFile; fileRef = 7D1736FA29D87DFD006E7E6A /* ModernVideoTemplateTests.swift */; };
		7D17370529D87DFD006E7E6A /* ModernVideoTemplateUITests.swift in Sources */ = {isa = PBXBuildFile; fileRef = 7D17370429D87DFD006E7E6A /* ModernVideoTemplateUITests.swift */; };
		7D17370729D87DFD006E7E6A /* ModernVideoTemplateUITestsLaunchTests.swift in Sources */ = {isa = PBXBuildFile; fileRef = 7D17370629D87DFD006E7E6A /* ModernVideoTemplateUITestsLaunchTests.swift */; };
/* End PBXBuildFile section */

/* Begin PBXContainerItemProxy section */
		7D1736F729D87DFD006E7E6A /* PBXContainerItemProxy */ = {
			isa = PBXContainerItemProxy;
			containerPortal = 7D1736D829D87DFC006E7E6A /* Project object */;
			proxyType = 1;
			remoteGlobalIDString = 7D1736DF29D87DFC006E7E6A;
			remoteInfo = ModernVideoTemplate;
		};
		7D17370129D87DFD006E7E6A /* PBXContainerItemProxy */ = {
			isa = PBXContainerItemProxy;
			containerPortal = 7D1736D829D87DFC006E7E6A /* Project object */;
			proxyType = 1;
			remoteGlobalIDString = 7D1736DF29D87DFC006E7E6A;
			remoteInfo = ModernVideoTemplate;
		};
/* End PBXContainerItemProxy section */

/* Begin PBXFileReference section */
		7D1736E029D87DFC006E7E6A /* ModernVideoTemplate.app */ = {isa = PBXFileReference; explicitFileType = wrapper.application; includeInIndex = 0; path = ModernVideoTemplate.app; sourceTree = BUILT_PRODUCTS_DIR; };
		7D1736E329D87DFC006E7E6A /* AppDelegate.swift */ = {isa = PBXFileReference; lastKnownFileType = sourcecode.swift; path = AppDelegate.swift; sourceTree = "<group>"; };
		7D1736E529D87DFC006E7E6A /* SceneDelegate.swift */ = {isa = PBXFileReference; lastKnownFileType = sourcecode.swift; path = SceneDelegate.swift; sourceTree = "<group>"; };
		7D1736E729D87DFC006E7E6A /* ViewController.swift */ = {isa = PBXFileReference; lastKnownFileType = sourcecode.swift; path = ViewController.swift; sourceTree = "<group>"; };
		7D1736EA29D87DFC006E7E6A /* Base */ = {isa = PBXFileReference; lastKnownFileType = file.storyboard; name = Base; path = Base.lproj/Main.storyboard; sourceTree = "<group>"; };
		7D1736EC29D87DFD006E7E6A /* Assets.xcassets */ = {isa = PBXFileReference; lastKnownFileType = folder.assetcatalog; path = Assets.xcassets; sourceTree = "<group>"; };
		7D1736EF29D87DFD006E7E6A /* Base */ = {isa = PBXFileReference; lastKnownFileType = file.storyboard; name = Base; path = Base.lproj/LaunchScreen.storyboard; sourceTree = "<group>"; };
		7D1736F129D87DFD006E7E6A /* Info.plist */ = {isa = PBXFileReference; lastKnownFileType = text.plist.xml; path = Info.plist; sourceTree = "<group>"; };
		7D1736F629D87DFD006E7E6A /* ModernVideoTemplateTests.xctest */ = {isa = PBXFileReference; explicitFileType = wrapper.cfbundle; includeInIndex = 0; path = ModernVideoTemplateTests.xctest; sourceTree = BUILT_PRODUCTS_DIR; };
		7D1736FA29D87DFD006E7E6A /* ModernVideoTemplateTests.swift */ = {isa = PBXFileReference; lastKnownFileType = sourcecode.swift; path = ModernVideoTemplateTests.swift; sourceTree = "<group>"; };
		7D17370029D87DFD006E7E6A /* ModernVideoTemplateUITests.xctest */ = {isa = PBXFileReference; explicitFileType = wrapper.cfbundle; includeInIndex = 0; path = ModernVideoTemplateUITests.xctest; sourceTree = BUILT_PRODUCTS_DIR; };
		7D17370429D87DFD006E7E6A /* ModernVideoTemplateUITests.swift */ = {isa = PBXFileReference; lastKnownFileType = sourcecode.swift; path = ModernVideoTemplateUITests.swift; sourceTree = "<group>"; };
		7D17370629D87DFD006E7E6A /* ModernVideoTemplateUITestsLaunchTests.swift */ = {isa = PBXFileReference; lastKnownFileType = sourcecode.swift; path = ModernVideoTemplateUITestsLaunchTests.swift; sourceTree = "<group>"; };
/* End PBXFileReference section */

/* Begin PBXFrameworksBuildPhase section */
		7D1736DD29D87DFC006E7E6A /* Frameworks */ = {
			isa = PBXFrameworksBuildPhase;
			buildActionMask = 2147483647;
			files = (
			);
			runOnlyForDeploymentPostprocessing = 0;
		};
		7D1736F329D87DFD006E7E6A /* Frameworks */ = {
			isa = PBXFrameworksBuildPhase;
			buildActionMask = 2147483647;
			files = (
			);
			runOnlyForDeploymentPostprocessing = 0;
		};
		7D1736FD29D87DFD006E7E6A /* Frameworks */ = {
			isa = PBXFrameworksBuildPhase;
			buildActionMask = 2147483647;
			files = (
			);
			runOnlyForDeploymentPostprocessing = 0;
		};
/* End PBXFrameworksBuildPhase section */

/* Begin PBXGroup section */
		7D1736D729D87DFC006E7E6A = {
			isa = PBXGroup;
			children = (
				7D1736E229D87DFC006E7E6A /* ModernVideoTemplate */,
				7D1736F929D87DFD006E7E6A /* ModernVideoTemplateTests */,
				7D17370329D87DFD006E7E6A /* ModernVideoTemplateUITests */,
				7D1736E129D87DFC006E7E6A /* Products */,
			);
			sourceTree = "<group>";
		};
		7D1736E129D87DFC006E7E6A /* Products */ = {
			isa = PBXGroup;
			children = (
				7D1736E029D87DFC006E7E6A /* ModernVideoTemplate.app */,
				7D1736F629D87DFD006E7E6A /* ModernVideoTemplateTests.xctest */,
				7D17370029D87DFD006E7E6A /* ModernVideoTemplateUITests.xctest */,
			);
			name = Products;
			sourceTree = "<group>";
		};
		7D1736E229D87DFC006E7E6A /* ModernVideoTemplate */ = {
			isa = PBXGroup;
			children = (
				7D1736E329D87DFC006E7E6A /* AppDelegate.swift */,
				7D1736E529D87DFC006E7E6A /* SceneDelegate.swift */,
				7D1736E729D87DFC006E7E6A /* ViewController.swift */,
				7D1736E929D87DFC006E7E6A /* Main.storyboard */,
				7D1736EC29D87DFD006E7E6A /* Assets.xcassets */,
				7D1736EE29D87DFD006E7E6A /* LaunchScreen.storyboard */,
				7D1736F129D87DFD006E7E6A /* Info.plist */,
			);
			path = ModernVideoTemplate;
			sourceTree = "<group>";
		};
		7D1736F929D87DFD006E7E6A /* ModernVideoTemplateTests */ = {
			isa = PBXGroup;
			children = (
				7D1736FA29D87DFD006E7E6A /* ModernVideoTemplateTests.swift */,
			);
			path = ModernVideoTemplateTests;
			sourceTree = "<group>";
		};
		7D17370329D87DFD006E7E6A /* ModernVideoTemplateUITests */ = {
			isa = PBXGroup;
			children = (
				7D17370429D87DFD006E7E6A /* ModernVideoTemplateUITests.swift */,
				7D17370629D87DFD006E7E6A /* ModernVideoTemplateUITestsLaunchTests.swift */,
			);
			path = ModernVideoTemplateUITests;
			sourceTree = "<group>";
		};
/* End PBXGroup section */

/* Begin PBXNativeTarget section */
		7D1736DF29D87DFC006E7E6A /* ModernVideoTemplate */ = {
			isa = PBXNativeTarget;
			buildConfigurationList = 7D17370A29D87DFD006E7E6A /* Build configuration list for PBXNativeTarget "ModernVideoTemplate" */;
			buildPhases = (
				7D1736DC29D87DFC006E7E6A /* Sources */,
				7D1736DD29D87DFC006E7E6A /* Frameworks */,
				7D1736DE29D87DFC006E7E6A /* Resources */,
			);
			buildRules = (
			);
			dependencies = (
			);
			name = ModernVideoTemplate;
			productName = ModernVideoTemplate;
			productReference = 7D1736E029D87DFC006E7E6A /* ModernVideoTemplate.app */;
			productType = "com.apple.product-type.application";
		};
		7D1736F529D87DFD006E7E6A /* ModernVideoTemplateTests */ = {
			isa = PBXNativeTarget;
			buildConfigurationList = 7D17370D29D87DFD006E7E6A /* Build configuration list for PBXNativeTarget "ModernVideoTemplateTests" */;
			buildPhases = (
				7D1736F229D87DFD006E7E6A /* Sources */,
				7D1736F329D87DFD006E7E6A /* Frameworks */,
				7D1736F429D87DFD006E7E6A /* Resources */,
			);
			buildRules = (
			);
			dependencies = (
				7D1736F829D87DFD006E7E6A /* PBXTargetDependency */,
			);
			name = ModernVideoTemplateTests;
			productName = ModernVideoTemplateTests;
			productReference = 7D1736F629D87DFD006E7E6A /* ModernVideoTemplateTests.xctest */;
			productType = "com.apple.product-type.bundle.unit-test";
		};
		7D1736FF29D87DFD006E7E6A /* ModernVideoTemplateUITests */ = {
			isa = PBXNativeTarget;
			buildConfigurationList = 7D17371029D87DFD006E7E6A /* Build configuration list for PBXNativeTarget "ModernVideoTemplateUITests" */;
			buildPhases = (
				7D1736FC29D87DFD006E7E6A /* Sources */,
				7D1736FD29D87DFD006E7E6A /* Frameworks */,
				7D1736FE29D87DFD006E7E6A /* Resources */,
			);
			buildRules = (
			);
			dependencies = (
				7D17370229D87DFD006E7E6A /* PBXTargetDependency */,
			);
			name = ModernVideoTemplateUITests;
			productName = ModernVideoTemplateUITests;
			productReference = 7D17370029D87DFD006E7E6A /* ModernVideoTemplateUITests.xctest */;
			productType = "com.apple.product-type.bundle.ui-testing";
		};
/* End PBXNativeTarget section */

/* Begin PBXProject section */
		7D1736D829D87DFC006E7E6A /* Project object */ = {
			isa = PBXProject;
			attributes = {
				BuildIndependentTargetsInParallel = 1;
				LastSwiftUpdateCheck = 1430;
				LastUpgradeCheck = 1430;
				TargetAttributes = {
					7D1736DF29D87DFC006E7E6A = {
						CreatedOnToolsVersion = 14.3;
					};
					7D1736F529D87DFD006E7E6A = {
						CreatedOnToolsVersion = 14.3;
						TestTargetID = 7D1736DF29D87DFC006E7E6A;
					};
					7D1736FF29D87DFD006E7E6A = {
						CreatedOnToolsVersion = 14.3;
						TestTargetID = 7D1736DF29D87DFC006E7E6A;
					};
				};
			};
			buildConfigurationList = 7D1736DB29D87DFC006E7E6A /* Build configuration list for PBXProject "ModernVideoTemplate" */;
			compatibilityVersion = "Xcode 14.0";
			developmentRegion = en;
			hasScannedForEncodings = 0;
			knownRegions = (
				en,
				Base,
			);
			mainGroup = 7D1736D729D87DFC006E7E6A;
			productRefGroup = 7D1736E129D87DFC006E7E6A /* Products */;
			projectDirPath = "";
			projectRoot = "";
			targets = (
				7D1736DF29D87DFC006E7E6A /* ModernVideoTemplate */,
				7D1736F529D87DFD006E7E6A /* ModernVideoTemplateTests */,
				7D1736FF29D87DFD006E7E6A /* ModernVideoTemplateUITests */,
			);
		};
/* End PBXProject section */

/* Begin PBXResourcesBuildPhase section */
		7D1736DE29D87DFC006E7E6A /* Resources */ = {
			isa = PBXResourcesBuildPhase;
			buildActionMask = 2147483647;
			files = (
				7D1736F029D87DFD006E7E6A /* LaunchScreen.storyboard in Resources */,
				7D1736ED29D87DFD006E7E6A /* Assets.xcassets in Resources */,
				7D1736EB29D87DFC006E7E6A /* Main.storyboard in Resources */,
			);
			runOnlyForDeploymentPostprocessing = 0;
		};
		7D1736F429D87DFD006E7E6A /* Resources */ = {
			isa = PBXResourcesBuildPhase;
			buildActionMask = 2147483647;
			files = (
			);
			runOnlyForDeploymentPostprocessing = 0;
		};
		7D1736FE29D87DFD006E7E6A /* Resources */ = {
			isa = PBXResourcesBuildPhase;
			buildActionMask = 2147483647;
			files = (
			);
			runOnlyForDeploymentPostprocessing = 0;
		};
/* End PBXResourcesBuildPhase section */

/* Begin PBXSourcesBuildPhase section */
		7D1736DC29D87DFC006E7E6A /* Sources */ = {
			isa = PBXSourcesBuildPhase;
			buildActionMask = 2147483647;
			files = (
				7D1736E829D87DFC006E7E6A /* ViewController.swift in Sources */,
				7D1736E429D87DFC006E7E6A /* AppDelegate.swift in Sources */,
				7D1736E629D87DFC006E7E6A /* SceneDelegate.swift in Sources */,
			);
			runOnlyForDeploymentPostprocessing = 0;
		};
		7D1736F229D87DFD006E7E6A /* Sources */ = {
			isa = PBXSourcesBuildPhase;
			buildActionMask = 2147483647;
			files = (
				7D1736FB29D87DFD006E7E6A /* ModernVideoTemplateTests.swift in Sources */,
			);
			runOnlyForDeploymentPostprocessing = 0;
		};
		7D1736FC29D87DFD006E7E6A /* Sources */ = {
			isa = PBXSourcesBuildPhase;
			buildActionMask = 2147483647;
			files = (
				7D17370529D87DFD006E7E6A /* ModernVideoTemplateUITests.swift in Sources */,
				7D17370729D87DFD006E7E6A /* ModernVideoTemplateUITestsLaunchTests.swift in Sources */,
			);
			runOnlyForDeploymentPostprocessing = 0;
		};
/* End PBXSourcesBuildPhase section */

/* Begin PBXTargetDependency section */
		7D1736F829D87DFD006E7E6A /* PBXTargetDependency */ = {
			isa = PBXTargetDependency;
			target = 7D1736DF29D87DFC006E7E6A /* ModernVideoTemplate */;
			targetProxy = 7D1736F729D87DFD006E7E6A /* PBXContainerItemProxy */;
		};
		7D17370229D87DFD006E7E6A /* PBXTargetDependency */ = {
			isa = PBXTargetDependency;
			target = 7D1736DF29D87DFC006E7E6A /* ModernVideoTemplate */;
			targetProxy = 7D17370129D87DFD006E7E6A /* PBXContainerItemProxy */;
		};
/* End PBXTargetDependency section */

/* Begin PBXVariantGroup section */
		7D1736E929D87DFC006E7E6A /* Main.storyboard */ = {
			isa = PBXVariantGroup;
			children = (
				7D1736EA29D87DFC006E7E6A /* Base */,
			);
			name = Main.storyboard;
			sourceTree = "<group>";
		};
		7D1736EE29D87DFD006E7E6A /* LaunchScreen.storyboard */ = {
			isa = PBXVariantGroup;
			children = (
				7D1736EF29D87DFD006E7E6A /* Base */,
			);
			name = LaunchScreen.storyboard;
			sourceTree = "<group>";
		};
/* End PBXVariantGroup section */

/* Begin XCBuildConfiguration section */
		7D17370829D87DFD006E7E6A /* Debug */ = {
			isa = XCBuildConfiguration;
			buildSettings = {
				ALWAYS_SEARCH_USER_PATHS = NO;
				CLANG_ANALYZER_NONNULL = YES;
				CLANG_ANALYZER_NUMBER_OBJECT_CONVERSION = YES_AGGRESSIVE;
				CLANG_CXX_LANGUAGE_STANDARD = "gnu++20";
				CLANG_ENABLE_MODULES = YES;
				CLANG_ENABLE_OBJC_ARC = YES;
				CLANG_ENABLE_OBJC_WEAK = YES;
				CLANG_WARN_BLOCK_CAPTURE_AUTORELEASING = YES;
				CLANG_WARN_BOOL_CONVERSION = YES;
				CLANG_WARN_COMMA = YES;
				CLANG_WARN_CONSTANT_CONVERSION = YES;
				CLANG_WARN_DEPRECATED_OBJC_IMPLEMENTATIONS = YES;
				CLANG_WARN_DIRECT_OBJC_ISA_USAGE = YES_ERROR;
				CLANG_WARN_DOCUMENTATION_COMMENTS = YES;
				CLANG_WARN_EMPTY_BODY = YES;
				CLANG_WARN_ENUM_CONVERSION = YES;
				CLANG_WARN_INFINITE_RECURSION = YES;
				CLANG_WARN_INT_CONVERSION = YES;
				CLANG_WARN_NON_LITERAL_NULL_CONVERSION = YES;
				CLANG_WARN_OBJC_IMPLICIT_RETAIN_SELF = YES;
				CLANG_WARN_OBJC_LITERAL_CONVERSION = YES;
				CLANG_WARN_OBJC_ROOT_CLASS = YES_ERROR;
				CLANG_WARN_QUOTED_INCLUDE_IN_FRAMEWORK_HEADER = YES;
				CLANG_WARN_RANGE_LOOP_ANALYSIS = YES;
				CLANG_WARN_STRICT_PROTOTYPES = YES;
				CLANG_WARN_SUSPICIOUS_MOVE = YES;
				CLANG_WARN_UNGUARDED_AVAILABILITY = YES_AGGRESSIVE;
				CLANG_WARN_UNREACHABLE_CODE = YES;
				CLANG_WARN__DUPLICATE_METHOD_MATCH = YES;
				COPY_PHASE_STRIP = NO;
				DEBUG_INFORMATION_FORMAT = dwarf;
				ENABLE_STRICT_OBJC_MSGSEND = YES;
				ENABLE_TESTABILITY = YES;
				GCC_C_LANGUAGE_STANDARD = gnu11;
				GCC_DYNAMIC_NO_PIC = NO;
				GCC_NO_COMMON_BLOCKS = YES;
				GCC_OPTIMIZATION_LEVEL = 0;
				GCC_PREPROCESSOR_DEFINITIONS = (
					"DEBUG=1",
					"$(inherited)",
				);
				GCC_WARN_64_TO_32_BIT_CONVERSION = YES;
				GCC_WARN_ABOUT_RETURN_TYPE = YES_ERROR;
				GCC_WARN_UNDECLARED_SELECTOR = YES;
				GCC_WARN_UNINITIALIZED_AUTOS = YES_AGGRESSIVE;
				GCC_WARN_UNUSED_FUNCTION = YES;
				GCC_WARN_UNUSED_VARIABLE = YES;
				IPHONEOS_DEPLOYMENT_TARGET = 16.4;
				MTL_ENABLE_DEBUG_INFO = INCLUDE_SOURCE;
				MTL_FAST_MATH = YES;
				ONLY_ACTIVE_ARCH = YES;
				SDKROOT = iphoneos;
				SWIFT_ACTIVE_COMPILATION_CONDITIONS = DEBUG;
				SWIFT_OPTIMIZATION_LEVEL = "-Onone";
			};
			name = Debug;
		};
		7D17370929D87DFD006E7E6A /* Release */ = {
			isa = XCBuildConfiguration;
			buildSettings = {
				ALWAYS_SEARCH_USER_PATHS = NO;
				CLANG_ANALYZER_NONNULL = YES;
				CLANG_ANALYZER_NUMBER_OBJECT_CONVERSION = YES_AGGRESSIVE;
				CLANG_CXX_LANGUAGE_STANDARD = "gnu++20";
				CLANG_ENABLE_MODULES = YES;
				CLANG_ENABLE_OBJC_ARC = YES;
				CLANG_ENABLE_OBJC_WEAK = YES;
				CLANG_WARN_BLOCK_CAPTURE_AUTORELEASING = YES;
				CLANG_WARN_BOOL_CONVERSION = YES;
				CLANG_WARN_COMMA = YES;
				CLANG_WARN_CONSTANT_CONVERSION = YES;
				CLANG_WARN_DEPRECATED_OBJC_IMPLEMENTATIONS = YES;
				CLANG_WARN_DIRECT_OBJC_ISA_USAGE = YES_ERROR;
				CLANG_WARN_DOCUMENTATION_COMMENTS = YES;
				CLANG_WARN_EMPTY_BODY = YES;
				CLANG_WARN_ENUM_CONVERSION = YES;
				CLANG_WARN_INFINITE_RECURSION = YES;
				CLANG_WARN_INT_CONVERSION = YES;
				CLANG_WARN_NON_LITERAL_NULL_CONVERSION = YES;
				CLANG_WARN_OBJC_IMPLICIT_RETAIN_SELF = YES;
				CLANG_WARN_OBJC_LITERAL_CONVERSION = YES;
				CLANG_WARN_OBJC_ROOT_CLASS = YES_ERROR;
				CLANG_WARN_QUOTED_INCLUDE_IN_FRAMEWORK_HEADER = YES;
				CLANG_WARN_RANGE_LOOP_ANALYSIS = YES;
				CLANG_WARN_STRICT_PROTOTYPES = YES;
				CLANG_WARN_SUSPICIOUS_MOVE = YES;
				CLANG_WARN_UNGUARDED_AVAILABILITY = YES_AGGRESSIVE;
				CLANG_WARN_UNREACHABLE_CODE = YES;
				CLANG_WARN__DUPLICATE_METHOD_MATCH = YES;
				COPY_PHASE_STRIP = NO;
				DEBUG_INFORMATION_FORMAT = "dwarf-with-dsym";
				ENABLE_NS_ASSERTIONS = NO;
				ENABLE_STRICT_OBJC_MSGSEND = YES;
				GCC_C_LANGUAGE_STANDARD = gnu11;
				GCC_NO_COMMON_BLOCKS = YES;
				GCC_WARN_64_TO_32_BIT_CONVERSION = YES;
				GCC_WARN_ABOUT_RETURN_TYPE = YES_ERROR;
				GCC_WARN_UNDECLARED_SELECTOR = YES;
				GCC_WARN_UNINITIALIZED_AUTOS = YES_AGGRESSIVE;
				GCC_WARN_UNUSED_FUNCTION = YES;
				GCC_WARN_UNUSED_VARIABLE = YES;
				IPHONEOS_DEPLOYMENT_TARGET = 16.4;
				MTL_ENABLE_DEBUG_INFO = NO;
				MTL_FAST_MATH = YES;
				SDKROOT = iphoneos;
				SWIFT_COMPILATION_MODE = wholemodule;
				SWIFT_OPTIMIZATION_LEVEL = "-O";
				VALIDATE_PRODUCT = YES;
			};
			name = Release;
		};
		7D17370B29D87DFD006E7E6A /* Debug */ = {
			isa = XCBuildConfiguration;
			buildSettings = {
				ASSETCATALOG_COMPILER_APPICON_NAME = AppIcon;
				ASSETCATALOG_COMPILER_GLOBAL_ACCENT_COLOR_NAME = AccentColor;
				CODE_SIGN_STYLE = Automatic;
				CURRENT_PROJECT_VERSION = 1;
				DEVELOPMENT_TEAM = R6P72SK9GM;
				GENERATE_INFOPLIST_FILE = YES;
				INFOPLIST_FILE = ModernVideoTemplate/Info.plist;
				INFOPLIST_KEY_UIApplicationSupportsIndirectInputEvents = YES;
				INFOPLIST_KEY_UILaunchStoryboardName = LaunchScreen;
				INFOPLIST_KEY_UIMainStoryboardFile = Main;
				INFOPLIST_KEY_UISupportedInterfaceOrientations_iPad = "UIInterfaceOrientationPortrait UIInterfaceOrientationPortraitUpsideDown UIInterfaceOrientationLandscapeLeft UIInterfaceOrientationLandscapeRight";
				INFOPLIST_KEY_UISupportedInterfaceOrientations_iPhone = "UIInterfaceOrientationPortrait UIInterfaceOrientationLandscapeLeft UIInterfaceOrientationLandscapeRight";
				LD_RUNPATH_SEARCH_PATHS = (
					"$(inherited)",
					"@executable_path/Frameworks",
				);
				MARKETING_VERSION = 1.0;
				PRODUCT_BUNDLE_IDENTIFIER = jemzza.ModernVideoTemplate;
				PRODUCT_NAME = "$(TARGET_NAME)";
				SWIFT_EMIT_LOC_STRINGS = YES;
				SWIFT_VERSION = 5.0;
				TARGETED_DEVICE_FAMILY = "1,2";
			};
			name = Debug;
		};
		7D17370C29D87DFD006E7E6A /* Release */ = {
			isa = XCBuildConfiguration;
			buildSettings = {
				ASSETCATALOG_COMPILER_APPICON_NAME = AppIcon;
				ASSETCATALOG_COMPILER_GLOBAL_ACCENT_COLOR_NAME = AccentColor;
				CODE_SIGN_STYLE = Automatic;
				CURRENT_PROJECT_VERSION = 1;
				DEVELOPMENT_TEAM = R6P72SK9GM;
				GENERATE_INFOPLIST_FILE = YES;
				INFOPLIST_FILE = ModernVideoTemplate/Info.plist;
				INFOPLIST_KEY_UIApplicationSupportsIndirectInputEvents = YES;
				INFOPLIST_KEY_UILaunchStoryboardName = LaunchScreen;
				INFOPLIST_KEY_UIMainStoryboardFile = Main;
				INFOPLIST_KEY_UISupportedInterfaceOrientations_iPad = "UIInterfaceOrientationPortrait UIInterfaceOrientationPortraitUpsideDown UIInterfaceOrientationLandscapeLeft UIInterfaceOrientationLandscapeRight";
				INFOPLIST_KEY_UISupportedInterfaceOrientations_iPhone = "UIInterfaceOrientationPortrait UIInterfaceOrientationLandscapeLeft UIInterfaceOrientationLandscapeRight";
				LD_RUNPATH_SEARCH_PATHS = (
					"$(inherited)",
					"@executable_path/Frameworks",
				);
				MARKETING_VERSION = 1.0;
				PRODUCT_BUNDLE_IDENTIFIER = jemzza.ModernVideoTemplate;
				PRODUCT_NAME = "$(TARGET_NAME)";
				SWIFT_EMIT_LOC_STRINGS = YES;
				SWIFT_VERSION = 5.0;
				TARGETED_DEVICE_FAMILY = "1,2";
			};
			name = Release;
		};
		7D17370E29D87DFD006E7E6A /* Debug */ = {
			isa = XCBuildConfiguration;
			buildSettings = {
				ALWAYS_EMBED_SWIFT_STANDARD_LIBRARIES = YES;
				BUNDLE_LOADER = "$(TEST_HOST)";
				CODE_SIGN_STYLE = Automatic;
				CURRENT_PROJECT_VERSION = 1;
				DEVELOPMENT_TEAM = R6P72SK9GM;
				GENERATE_INFOPLIST_FILE = YES;
				IPHONEOS_DEPLOYMENT_TARGET = 16.4;
				MARKETING_VERSION = 1.0;
				PRODUCT_BUNDLE_IDENTIFIER = jemzza.ModernVideoTemplateTests;
				PRODUCT_NAME = "$(TARGET_NAME)";
				SWIFT_EMIT_LOC_STRINGS = NO;
				SWIFT_VERSION = 5.0;
				TARGETED_DEVICE_FAMILY = "1,2";
				TEST_HOST = "$(BUILT_PRODUCTS_DIR)/ModernVideoTemplate.app/$(BUNDLE_EXECUTABLE_FOLDER_PATH)/ModernVideoTemplate";
			};
			name = Debug;
		};
		7D17370F29D87DFD006E7E6A /* Release */ = {
			isa = XCBuildConfiguration;
			buildSettings = {
				ALWAYS_EMBED_SWIFT_STANDARD_LIBRARIES = YES;
				BUNDLE_LOADER = "$(TEST_HOST)";
				CODE_SIGN_STYLE = Automatic;
				CURRENT_PROJECT_VERSION = 1;
				DEVELOPMENT_TEAM = R6P72SK9GM;
				GENERATE_INFOPLIST_FILE = YES;
				IPHONEOS_DEPLOYMENT_TARGET = 16.4;
				MARKETING_VERSION = 1.0;
				PRODUCT_BUNDLE_IDENTIFIER = jemzza.ModernVideoTemplateTests;
				PRODUCT_NAME = "$(TARGET_NAME)";
				SWIFT_EMIT_LOC_STRINGS = NO;
				SWIFT_VERSION = 5.0;
				TARGETED_DEVICE_FAMILY = "1,2";
				TEST_HOST = "$(BUILT_PRODUCTS_DIR)/ModernVideoTemplate.app/$(BUNDLE_EXECUTABLE_FOLDER_PATH)/ModernVideoTemplate";
			};
			name = Release;
		};
		7D17371129D87DFD006E7E6A /* Debug */ = {
			isa = XCBuildConfiguration;
			buildSettings = {
				ALWAYS_EMBED_SWIFT_STANDARD_LIBRARIES = YES;
				CODE_SIGN_STYLE = Automatic;
				CURRENT_PROJECT_VERSION = 1;
				DEVELOPMENT_TEAM = R6P72SK9GM;
				GENERATE_INFOPLIST_FILE = YES;
				MARKETING_VERSION = 1.0;
				PRODUCT_BUNDLE_IDENTIFIER = jemzza.ModernVideoTemplateUITests;
				PRODUCT_NAME = "$(TARGET_NAME)";
				SWIFT_EMIT_LOC_STRINGS = NO;
				SWIFT_VERSION = 5.0;
				TARGETED_DEVICE_FAMILY = "1,2";
				TEST_TARGET_NAME = ModernVideoTemplate;
			};
			name = Debug;
		};
		7D17371229D87DFD006E7E6A /* Release */ = {
			isa = XCBuildConfiguration;
			buildSettings = {
				ALWAYS_EMBED_SWIFT_STANDARD_LIBRARIES = YES;
				CODE_SIGN_STYLE = Automatic;
				CURRENT_PROJECT_VERSION = 1;
				DEVELOPMENT_TEAM = R6P72SK9GM;
				GENERATE_INFOPLIST_FILE = YES;
				MARKETING_VERSION = 1.0;
				PRODUCT_BUNDLE_IDENTIFIER = jemzza.ModernVideoTemplateUITests;
				PRODUCT_NAME = "$(TARGET_NAME)";
				SWIFT_EMIT_LOC_STRINGS = NO;
				SWIFT_VERSION = 5.0;
				TARGETED_DEVICE_FAMILY = "1,2";
				TEST_TARGET_NAME = ModernVideoTemplate;
			};
			name = Release;
		};
/* End XCBuildConfiguration section */

/* Begin XCConfigurationList section */
		7D1736DB29D87DFC006E7E6A /* Build configuration list for PBXProject "ModernVideoTemplate" */ = {
			isa = XCConfigurationList;
			buildConfigurations = (
				7D17370829D87DFD006E7E6A /* Debug */,
				7D17370929D87DFD006E7E6A /* Release */,
			);
			defaultConfigurationIsVisible = 0;
			defaultConfigurationName = Release;
		};
		7D17370A29D87DFD006E7E6A /* Build configuration list for PBXNativeTarget "ModernVideoTemplate" */ = {
			isa = XCConfigurationList;
			buildConfigurations = (
				7D17370B29D87DFD006E7E6A /* Debug */,
				7D17370C29D87DFD006E7E6A /* Release */,
			);
			defaultConfigurationIsVisible = 0;
			defaultConfigurationName = Release;
		};
		7D17370D29D87DFD006E7E6A /* Build configuration list for PBXNativeTarget "ModernVideoTemplateTests" */ = {
			isa = XCConfigurationList;
			buildConfigurations = (
				7D17370E29D87DFD006E7E6A /* Debug */,
				7D17370F29D87DFD006E7E6A /* Release */,
			);
			defaultConfigurationIsVisible = 0;
			defaultConfigurationName = Release;
		};
		7D17371029D87DFD006E7E6A /* Build configuration list for PBXNativeTarget "ModernVideoTemplateUITests" */ = {
			isa = XCConfigurationList;
			buildConfigurations = (
				7D17371129D87DFD006E7E6A /* Debug */,
				7D17371229D87DFD006E7E6A /* Release */,
			);
			defaultConfigurationIsVisible = 0;
			defaultConfigurationName = Release;
		};
/* End XCConfigurationList section */
	};
	rootObject = 7D1736D829D87DFC006E7E6A /* Project object */;
}
